
Microsoft Visual Studio Solution File, Format Version 12.00
# Visual Studio Version 16
VisualStudioVersion = 16.0.30114.105
MinimumVisualStudioVersion = 10.0.40219.1
Project("{FAE04EC0-301F-11D3-BF4B-00C04F79EFBC}") = "RegistroPrestamo", "RegistroPrestamo\RegistroPrestamo.csproj", "{86AFD095-D260-4195-A0A6-E24389466CDC}"
EndProject
Global
	GlobalSection(SolutionConfigurationPlatforms) = preSolution
		Debug|Any CPU = Debug|Any CPU
		Release|Any CPU = Release|Any CPU
	EndGlobalSection
	GlobalSection(ProjectConfigurationPlatforms) = postSolution
		{86AFD095-D260-4195-A0A6-E24389466CDC}.Debug|Any CPU.ActiveCfg = Debug|Any CPU
		{86AFD095-D260-4195-A0A6-E24389466CDC}.Debug|Any CPU.Build.0 = Debug|Any CPU
		{86AFD095-D260-4195-A0A6-E24389466CDC}.Release|Any CPU.ActiveCfg = Release|Any CPU
		{86AFD095-D260-4195-A0A6-E24389466CDC}.Release|Any CPU.Build.0 = Release|Any CPU
	EndGlobalSection
	GlobalSection(SolutionProperties) = preSolution
		HideSolutionNode = FALSE
	EndGlobalSection
	GlobalSection(ExtensibilityGlobals) = postSolution
		SolutionGuid = {44DE77E2-3092-4CC6-A432-4EECC22F42F6}
	EndGlobalSection
EndGlobal
